
Microsoft Visual Studio Solution File, Format Version 12.00
# Visual Studio Version 16
VisualStudioVersion = 16.0.34407.143
MinimumVisualStudioVersion = 10.0.40219.1
Project("{FAE04EC0-301F-11D3-BF4B-00C04F79EFBC}") = "PalworldServerManager", "PalworldServerManager\PalworldServerManager.csproj", "{D86401E0-6D8E-44E9-BBA2-5707EE96FF71}"
EndProject
Global
	GlobalSection(SolutionConfigurationPlatforms) = preSolution
		Debug|Any CPU = Debug|Any CPU
		Release|Any CPU = Release|Any CPU
	EndGlobalSection
	GlobalSection(ProjectConfigurationPlatforms) = postSolution
		{D86401E0-6D8E-44E9-BBA2-5707EE96FF71}.Debug|Any CPU.ActiveCfg = Debug|Any CPU
		{D86401E0-6D8E-44E9-BBA2-5707EE96FF71}.Debug|Any CPU.Build.0 = Debug|Any CPU
		{D86401E0-6D8E-44E9-BBA2-5707EE96FF71}.Release|Any CPU.ActiveCfg = Release|Any CPU
		{D86401E0-6D8E-44E9-BBA2-5707EE96FF71}.Release|Any CPU.Build.0 = Release|Any CPU
	EndGlobalSection
	GlobalSection(SolutionProperties) = preSolution
		HideSolutionNode = FALSE
	EndGlobalSection
	GlobalSection(ExtensibilityGlobals) = postSolution
		SolutionGuid = {37A92DCA-65DF-4B85-97E8-C0FC89F48063}
	EndGlobalSection
EndGlobal
